
Microsoft Visual Studio Solution File, Format Version 12.00
# Visual Studio 15
VisualStudioVersion = 15.0.28307.705
MinimumVisualStudioVersion = 10.0.40219.1
Project("{FAE04EC0-301F-11D3-BF4B-00C04F79EFBC}") = "BooksProject", "BooksProject\BooksProject.csproj", "{6336BF93-C914-469F-8340-5B5DF475BFD1}"
EndProject
Project("{FAE04EC0-301F-11D3-BF4B-00C04F79EFBC}") = "WebAPI", "WebAPI\WebAPI.csproj", "{043872FD-7BC8-4AA9-8F97-83C0E1BC8F8A}"
EndProject
Project("{FAE04EC0-301F-11D3-BF4B-00C04F79EFBC}") = "DataAccessLayer", "DataAccessLayer\DataAccessLayer.csproj", "{AF4AFBAE-ED46-4CC8-A8D0-F30B45285EEE}"
EndProject
Global
	GlobalSection(SolutionConfigurationPlatforms) = preSolution
		Debug|Any CPU = Debug|Any CPU
		Release|Any CPU = Release|Any CPU
	EndGlobalSection
	GlobalSection(ProjectConfigurationPlatforms) = postSolution
		{6336BF93-C914-469F-8340-5B5DF475BFD1}.Debug|Any CPU.ActiveCfg = Debug|Any CPU
		{6336BF93-C914-469F-8340-5B5DF475BFD1}.Debug|Any CPU.Build.0 = Debug|Any CPU
		{6336BF93-C914-469F-8340-5B5DF475BFD1}.Release|Any CPU.ActiveCfg = Release|Any CPU
		{6336BF93-C914-469F-8340-5B5DF475BFD1}.Release|Any CPU.Build.0 = Release|Any CPU
		{043872FD-7BC8-4AA9-8F97-83C0E1BC8F8A}.Debug|Any CPU.ActiveCfg = Debug|Any CPU
		{043872FD-7BC8-4AA9-8F97-83C0E1BC8F8A}.Debug|Any CPU.Build.0 = Debug|Any CPU
		{043872FD-7BC8-4AA9-8F97-83C0E1BC8F8A}.Release|Any CPU.ActiveCfg = Release|Any CPU
		{043872FD-7BC8-4AA9-8F97-83C0E1BC8F8A}.Release|Any CPU.Build.0 = Release|Any CPU
		{AF4AFBAE-ED46-4CC8-A8D0-F30B45285EEE}.Debug|Any CPU.ActiveCfg = Debug|Any CPU
		{AF4AFBAE-ED46-4CC8-A8D0-F30B45285EEE}.Debug|Any CPU.Build.0 = Debug|Any CPU
		{AF4AFBAE-ED46-4CC8-A8D0-F30B45285EEE}.Release|Any CPU.ActiveCfg = Release|Any CPU
		{AF4AFBAE-ED46-4CC8-A8D0-F30B45285EEE}.Release|Any CPU.Build.0 = Release|Any CPU
	EndGlobalSection
	GlobalSection(SolutionProperties) = preSolution
		HideSolutionNode = FALSE
	EndGlobalSection
	GlobalSection(ExtensibilityGlobals) = postSolution
		SolutionGuid = {62E53F98-1D8A-40B2-8214-A1104E44B9EC}
	EndGlobalSection
EndGlobal
